
Microsoft Visual Studio Solution File, Format Version 12.00
# Visual Studio 14
VisualStudioVersion = 14.0.24720.0
MinimumVisualStudioVersion = 10.0.40219.1
Project("{FAE04EC0-301F-11D3-BF4B-00C04F79EFBC}") = "KG-2", "KG-2\KG-2.csproj", "{B602C6CC-8E91-460A-B3EE-65A6C3B8F0D8}"
EndProject
Global
	GlobalSection(SolutionConfigurationPlatforms) = preSolution
		Debug|Any CPU = Debug|Any CPU
		Release|Any CPU = Release|Any CPU
	EndGlobalSection
	GlobalSection(ProjectConfigurationPlatforms) = postSolution
		{B602C6CC-8E91-460A-B3EE-65A6C3B8F0D8}.Debug|Any CPU.ActiveCfg = Debug|Any CPU
		{B602C6CC-8E91-460A-B3EE-65A6C3B8F0D8}.Debug|Any CPU.Build.0 = Debug|Any CPU
		{B602C6CC-8E91-460A-B3EE-65A6C3B8F0D8}.Release|Any CPU.ActiveCfg = Release|Any CPU
		{B602C6CC-8E91-460A-B3EE-65A6C3B8F0D8}.Release|Any CPU.Build.0 = Release|Any CPU
	EndGlobalSection
	GlobalSection(SolutionProperties) = preSolution
		HideSolutionNode = FALSE
	EndGlobalSection
EndGlobal
